// !$*UTF8*$!
{
	archiveVersion = 1;
	classes = {
	};
	objectVersion = 50;
	objects = {

/* Begin PBXBuildFile section */
		57469DE12191F63200785125 /* AppDelegate.swift in Sources */ = {isa = PBXBuildFile; fileRef = 57469DE02191F63200785125 /* AppDelegate.swift */; };
		57469DE32191F63200785125 /* ViewController.swift in Sources */ = {isa = PBXBuildFile; fileRef = 57469DE22191F63200785125 /* ViewController.swift */; };
		57469DE62191F63200785125 /* Main.storyboard in Resources */ = {isa = PBXBuildFile; fileRef = 57469DE42191F63200785125 /* Main.storyboard */; };
		57469DE82191F63300785125 /* Assets.xcassets in Resources */ = {isa = PBXBuildFile; fileRef = 57469DE72191F63300785125 /* Assets.xcassets */; };
		57469DEB2191F63300785125 /* LaunchScreen.storyboard in Resources */ = {isa = PBXBuildFile; fileRef = 57469DE92191F63300785125 /* LaunchScreen.storyboard */; };
		57469DF32191F64900785125 /* ExtensionForView.swift in Sources */ = {isa = PBXBuildFile; fileRef = 57469DF22191F64900785125 /* ExtensionForView.swift */; };
		57D1678A21EBAB780065365C /* ExtensionForColor.swift in Sources */ = {isa = PBXBuildFile; fileRef = 57D1678921EBAB780065365C /* ExtensionForColor.swift */; };
/* End PBXBuildFile section */

/* Begin PBXFileReference section */
		57469DDD2191F63200785125 /* ExtensionByDatNguyen.app */ = {isa = PBXFileReference; explicitFileType = wrapper.application; includeInIndex = 0; path = ExtensionByDatNguyen.app; sourceTree = BUILT_PRODUCTS_DIR; };
		57469DE02191F63200785125 /* AppDelegate.swift */ = {isa = PBXFileReference; lastKnownFileType = sourcecode.swift; path = AppDelegate.swift; sourceTree = "<group>"; };
		57469DE22191F63200785125 /* ViewController.swift */ = {isa = PBXFileReference; lastKnownFileType = sourcecode.swift; path = ViewController.swift; sourceTree = "<group>"; };
		57469DE52191F63200785125 /* Base */ = {isa = PBXFileReference; lastKnownFileType = file.storyboard; name = Base; path = Base.lproj/Main.storyboard; sourceTree = "<group>"; };
		57469DE72191F63300785125 /* Assets.xcassets */ = {isa = PBXFileReference; lastKnownFileType = folder.assetcatalog; path = Assets.xcassets; sourceTree = "<group>"; };
		57469DEA2191F63300785125 /* Base */ = {isa = PBXFileReference; lastKnownFileType = file.storyboard; name = Base; path = Base.lproj/LaunchScreen.storyboard; sourceTree = "<group>"; };
		57469DEC2191F63300785125 /* Info.plist */ = {isa = PBXFileReference; lastKnownFileType = text.plist.xml; path = Info.plist; sourceTree = "<group>"; };
		57469DF22191F64900785125 /* ExtensionForView.swift */ = {isa = PBXFileReference; lastKnownFileType = sourcecode.swift; path = ExtensionForView.swift; sourceTree = "<group>"; };
		57D1678921EBAB780065365C /* ExtensionForColor.swift */ = {isa = PBXFileReference; lastKnownFileType = sourcecode.swift; path = ExtensionForColor.swift; sourceTree = "<group>"; };
/* End PBXFileReference section */

/* Begin PBXFrameworksBuildPhase section */
		57469DDA2191F63100785125 /* Frameworks */ = {
			isa = PBXFrameworksBuildPhase;
			buildActionMask = 2147483647;
			files = (
			);
			runOnlyForDeploymentPostprocessing = 0;
		};
/* End PBXFrameworksBuildPhase section */

/* Begin PBXGroup section */
		57469DD42191F63100785125 = {
			isa = PBXGroup;
			children = (
				57469DDF2191F63200785125 /* ExtensionByDatNguyen */,
				57469DDE2191F63200785125 /* Products */,
			);
			sourceTree = "<group>";
		};
		57469DDE2191F63200785125 /* Products */ = {
			isa = PBXGroup;
			children = (
				57469DDD2191F63200785125 /* ExtensionByDatNguyen.app */,
			);
			name = Products;
			sourceTree = "<group>";
		};
		57469DDF2191F63200785125 /* ExtensionByDatNguyen */ = {
			isa = PBXGroup;
			children = (
				57469DE02191F63200785125 /* AppDelegate.swift */,
				57469DE22191F63200785125 /* ViewController.swift */,
				57469DF22191F64900785125 /* ExtensionForView.swift */,
				57D1678921EBAB780065365C /* ExtensionForColor.swift */,
				57469DE42191F63200785125 /* Main.storyboard */,
				57469DE72191F63300785125 /* Assets.xcassets */,
				57469DE92191F63300785125 /* LaunchScreen.storyboard */,
				57469DEC2191F63300785125 /* Info.plist */,
			);
			path = ExtensionByDatNguyen;
			sourceTree = "<group>";
		};
/* End PBXGroup section */

/* Begin PBXNativeTarget section */
		57469DDC2191F63100785125 /* ExtensionByDatNguyen */ = {
			isa = PBXNativeTarget;
			buildConfigurationList = 57469DEF2191F63300785125 /* Build configuration list for PBXNativeTarget "ExtensionByDatNguyen" */;
			buildPhases = (
				57469DD92191F63100785125 /* Sources */,
				57469DDA2191F63100785125 /* Frameworks */,
				57469DDB2191F63100785125 /* Resources */,
			);
			buildRules = (
			);
			dependencies = (
			);
			name = ExtensionByDatNguyen;
			productName = ExtensionByDatNguyen;
			productReference = 57469DDD2191F63200785125 /* ExtensionByDatNguyen.app */;
			productType = "com.apple.product-type.application";
		};
/* End PBXNativeTarget section */

/* Begin PBXProject section */
		57469DD52191F63100785125 /* Project object */ = {
			isa = PBXProject;
			attributes = {
				LastSwiftUpdateCheck = 0940;
				LastUpgradeCheck = 0940;
				ORGANIZATIONNAME = "nguyễn hữu đạt";
				TargetAttributes = {
					57469DDC2191F63100785125 = {
						CreatedOnToolsVersion = 9.4.1;
					};
				};
			};
			buildConfigurationList = 57469DD82191F63100785125 /* Build configuration list for PBXProject "ExtensionByDatNguyen" */;
			compatibilityVersion = "Xcode 9.3";
			developmentRegion = en;
			hasScannedForEncodings = 0;
			knownRegions = (
				en,
				Base,
			);
			mainGroup = 57469DD42191F63100785125;
			productRefGroup = 57469DDE2191F63200785125 /* Products */;
			projectDirPath = "";
			projectRoot = "";
			targets = (
				57469DDC2191F63100785125 /* ExtensionByDatNguyen */,
			);
		};
/* End PBXProject section */

/* Begin PBXResourcesBuildPhase section */
		57469DDB2191F63100785125 /* Resources */ = {
			isa = PBXResourcesBuildPhase;
			buildActionMask = 2147483647;
			files = (
				57469DEB2191F63300785125 /* LaunchScreen.storyboard in Resources */,
				57469DE82191F63300785125 /* Assets.xcassets in Resources */,
				57469DE62191F63200785125 /* Main.storyboard in Resources */,
			);
			runOnlyForDeploymentPostprocessing = 0;
		};
/* End PBXResourcesBuildPhase section */

/* Begin PBXSourcesBuildPhase section */
		57469DD92191F63100785125 /* Sources */ = {
			isa = PBXSourcesBuildPhase;
			buildActionMask = 2147483647;
			files = (
				57469DF32191F64900785125 /* ExtensionForView.swift in Sources */,
				57D1678A21EBAB780065365C /* ExtensionForColor.swift in Sources */,
				57469DE32191F63200785125 /* ViewController.swift in Sources */,
				57469DE12191F63200785125 /* AppDelegate.swift in Sources */,
			);
			runOnlyForDeploymentPostprocessing = 0;
		};
/* End PBXSourcesBuildPhase section */

/* Begin PBXVariantGroup section */
		57469DE42191F63200785125 /* Main.storyboard */ = {
			isa = PBXVariantGroup;
			children = (
				57469DE52191F63200785125 /* Base */,
			);
			name = Main.storyboard;
			sourceTree = "<group>";
		};
		57469DE92191F63300785125 /* LaunchScreen.storyboard */ = {
			isa = PBXVariantGroup;
			children = (
				57469DEA2191F63300785125 /* Base */,
			);
			name = LaunchScreen.storyboard;
			sourceTree = "<group>";
		};
/* End PBXVariantGroup section */

/* Begin XCBuildConfiguration section */
		57469DED2191F63300785125 /* Debug */ = {
			isa = XCBuildConfiguration;
			buildSettings = {
				ALWAYS_SEARCH_USER_PATHS = NO;
				CLANG_ANALYZER_NONNULL = YES;
				CLANG_ANALYZER_NUMBER_OBJECT_CONVERSION = YES_AGGRESSIVE;
				CLANG_CXX_LANGUAGE_STANDARD = "gnu++14";
				CLANG_CXX_LIBRARY = "libc++";
				CLANG_ENABLE_MODULES = YES;
				CLANG_ENABLE_OBJC_ARC = YES;
				CLANG_ENABLE_OBJC_WEAK = YES;
				CLANG_WARN_BLOCK_CAPTURE_AUTORELEASING = YES;
				CLANG_WARN_BOOL_CONVERSION = YES;
				CLANG_WARN_COMMA = YES;
				CLANG_WARN_CONSTANT_CONVERSION = YES;
				CLANG_WARN_DEPRECATED_OBJC_IMPLEMENTATIONS = YES;
				CLANG_WARN_DIRECT_OBJC_ISA_USAGE = YES_ERROR;
				CLANG_WARN_DOCUMENTATION_COMMENTS = YES;
				CLANG_WARN_EMPTY_BODY = YES;
				CLANG_WARN_ENUM_CONVERSION = YES;
				CLANG_WARN_INFINITE_RECURSION = YES;
				CLANG_WARN_INT_CONVERSION = YES;
				CLANG_WARN_NON_LITERAL_NULL_CONVERSION = YES;
				CLANG_WARN_OBJC_IMPLICIT_RETAIN_SELF = YES;
				CLANG_WARN_OBJC_LITERAL_CONVERSION = YES;
				CLANG_WARN_OBJC_ROOT_CLASS = YES_ERROR;
				CLANG_WARN_RANGE_LOOP_ANALYSIS = YES;
				CLANG_WARN_STRICT_PROTOTYPES = YES;
				CLANG_WARN_SUSPICIOUS_MOVE = YES;
				CLANG_WARN_UNGUARDED_AVAILABILITY = YES_AGGRESSIVE;
				CLANG_WARN_UNREACHABLE_CODE = YES;
				CLANG_WARN__DUPLICATE_METHOD_MATCH = YES;
				CODE_SIGN_IDENTITY = "iPhone Developer";
				COPY_PHASE_STRIP = NO;
				DEBUG_INFORMATION_FORMAT = dwarf;
				ENABLE_STRICT_OBJC_MSGSEND = YES;
				ENABLE_TESTABILITY = YES;
				GCC_C_LANGUAGE_STANDARD = gnu11;
				GCC_DYNAMIC_NO_PIC = NO;
				GCC_NO_COMMON_BLOCKS = YES;
				GCC_OPTIMIZATION_LEVEL = 0;
				GCC_PREPROCESSOR_DEFINITIONS = (
					"DEBUG=1",
					"$(inherited)",
				);
				GCC_WARN_64_TO_32_BIT_CONVERSION = YES;
				GCC_WARN_ABOUT_RETURN_TYPE = YES_ERROR;
				GCC_WARN_UNDECLARED_SELECTOR = YES;
				GCC_WARN_UNINITIALIZED_AUTOS = YES_AGGRESSIVE;
				GCC_WARN_UNUSED_FUNCTION = YES;
				GCC_WARN_UNUSED_VARIABLE = YES;
				IPHONEOS_DEPLOYMENT_TARGET = 11.4;
				MTL_ENABLE_DEBUG_INFO = YES;
				ONLY_ACTIVE_ARCH = YES;
				SDKROOT = iphoneos;
				SWIFT_ACTIVE_COMPILATION_CONDITIONS = DEBUG;
				SWIFT_OPTIMIZATION_LEVEL = "-Onone";
			};
			name = Debug;
		};
		57469DEE2191F63300785125 /* Release */ = {
			isa = XCBuildConfiguration;
			buildSettings = {
				ALWAYS_SEARCH_USER_PATHS = NO;
				CLANG_ANALYZER_NONNULL = YES;
				CLANG_ANALYZER_NUMBER_OBJECT_CONVERSION = YES_AGGRESSIVE;
				CLANG_CXX_LANGUAGE_STANDARD = "gnu++14";
				CLANG_CXX_LIBRARY = "libc++";
				CLANG_ENABLE_MODULES = YES;
				CLANG_ENABLE_OBJC_ARC = YES;
				CLANG_ENABLE_OBJC_WEAK = YES;
				CLANG_WARN_BLOCK_CAPTURE_AUTORELEASING = YES;
				CLANG_WARN_BOOL_CONVERSION = YES;
				CLANG_WARN_COMMA = YES;
				CLANG_WARN_CONSTANT_CONVERSION = YES;
				CLANG_WARN_DEPRECATED_OBJC_IMPLEMENTATIONS = YES;
				CLANG_WARN_DIRECT_OBJC_ISA_USAGE = YES_ERROR;
				CLANG_WARN_DOCUMENTATION_COMMENTS = YES;
				CLANG_WARN_EMPTY_BODY = YES;
				CLANG_WARN_ENUM_CONVERSION = YES;
				CLANG_WARN_INFINITE_RECURSION = YES;
				CLANG_WARN_INT_CONVERSION = YES;
				CLANG_WARN_NON_LITERAL_NULL_CONVERSION = YES;
				CLANG_WARN_OBJC_IMPLICIT_RETAIN_SELF = YES;
				CLANG_WARN_OBJC_LITERAL_CONVERSION = YES;
				CLANG_WARN_OBJC_ROOT_CLASS = YES_ERROR;
				CLANG_WARN_RANGE_LOOP_ANALYSIS = YES;
				CLANG_WARN_STRICT_PROTOTYPES = YES;
				CLANG_WARN_SUSPICIOUS_MOVE = YES;
				CLANG_WARN_UNGUARDED_AVAILABILITY = YES_AGGRESSIVE;
				CLANG_WARN_UNREACHABLE_CODE = YES;
				CLANG_WARN__DUPLICATE_METHOD_MATCH = YES;
				CODE_SIGN_IDENTITY = "iPhone Developer";
				COPY_PHASE_STRIP = NO;
				DEBUG_INFORMATION_FORMAT = "dwarf-with-dsym";
				ENABLE_NS_ASSERTIONS = NO;
				ENABLE_STRICT_OBJC_MSGSEND = YES;
				GCC_C_LANGUAGE_STANDARD = gnu11;
				GCC_NO_COMMON_BLOCKS = YES;
				GCC_WARN_64_TO_32_BIT_CONVERSION = YES;
				GCC_WARN_ABOUT_RETURN_TYPE = YES_ERROR;
				GCC_WARN_UNDECLARED_SELECTOR = YES;
				GCC_WARN_UNINITIALIZED_AUTOS = YES_AGGRESSIVE;
				GCC_WARN_UNUSED_FUNCTION = YES;
				GCC_WARN_UNUSED_VARIABLE = YES;
				IPHONEOS_DEPLOYMENT_TARGET = 11.4;
				MTL_ENABLE_DEBUG_INFO = NO;
				SDKROOT = iphoneos;
				SWIFT_COMPILATION_MODE = wholemodule;
				SWIFT_OPTIMIZATION_LEVEL = "-O";
				VALIDATE_PRODUCT = YES;
			};
			name = Release;
		};
		57469DF02191F63300785125 /* Debug */ = {
			isa = XCBuildConfiguration;
			buildSettings = {
				ASSETCATALOG_COMPILER_APPICON_NAME = AppIcon;
				CODE_SIGN_STYLE = Automatic;
				INFOPLIST_FILE = ExtensionByDatNguyen/Info.plist;
				LD_RUNPATH_SEARCH_PATHS = (
					"$(inherited)",
					"@executable_path/Frameworks",
				);
				PRODUCT_BUNDLE_IDENTIFIER = com.BigZero.ExtensionByDatNguyen;
				PRODUCT_NAME = "$(TARGET_NAME)";
				SWIFT_VERSION = 4.0;
				TARGETED_DEVICE_FAMILY = "1,2";
			};
			name = Debug;
		};
		57469DF12191F63300785125 /* Release */ = {
			isa = XCBuildConfiguration;
			buildSettings = {
				ASSETCATALOG_COMPILER_APPICON_NAME = AppIcon;
				CODE_SIGN_STYLE = Automatic;
				INFOPLIST_FILE = ExtensionByDatNguyen/Info.plist;
				LD_RUNPATH_SEARCH_PATHS = (
					"$(inherited)",
					"@executable_path/Frameworks",
				);
				PRODUCT_BUNDLE_IDENTIFIER = com.BigZero.ExtensionByDatNguyen;
				PRODUCT_NAME = "$(TARGET_NAME)";
				SWIFT_VERSION = 4.0;
				TARGETED_DEVICE_FAMILY = "1,2";
			};
			name = Release;
		};
/* End XCBuildConfiguration section */

/* Begin XCConfigurationList section */
		57469DD82191F63100785125 /* Build configuration list for PBXProject "ExtensionByDatNguyen" */ = {
			isa = XCConfigurationList;
			buildConfigurations = (
				57469DED2191F63300785125 /* Debug */,
				57469DEE2191F63300785125 /* Release */,
			);
			defaultConfigurationIsVisible = 0;
			defaultConfigurationName = Release;
		};
		57469DEF2191F63300785125 /* Build configuration list for PBXNativeTarget "ExtensionByDatNguyen" */ = {
			isa = XCConfigurationList;
			buildConfigurations = (
				57469DF02191F63300785125 /* Debug */,
				57469DF12191F63300785125 /* Release */,
			);
			defaultConfigurationIsVisible = 0;
			defaultConfigurationName = Release;
		};
/* End XCConfigurationList section */
	};
	rootObject = 57469DD52191F63100785125 /* Project object */;
}
